
Microsoft Visual Studio Solution File, Format Version 12.00
Project("{FAE04EC0-301F-11D3-BF4B-00C04F79EFBC}") = "EpamSemanticKernel.Prompt", "EpamSemanticKernel.Prompt\EpamSemanticKernel.Prompt.csproj", "{BDA22FBE-5136-45F2-9757-68164106EBD2}"
EndProject
Global
	GlobalSection(SolutionConfigurationPlatforms) = preSolution
		Debug|Any CPU = Debug|Any CPU
		Release|Any CPU = Release|Any CPU
	EndGlobalSection
	GlobalSection(ProjectConfigurationPlatforms) = postSolution
		{BDA22FBE-5136-45F2-9757-68164106EBD2}.Debug|Any CPU.ActiveCfg = Debug|Any CPU
		{BDA22FBE-5136-45F2-9757-68164106EBD2}.Debug|Any CPU.Build.0 = Debug|Any CPU
		{BDA22FBE-5136-45F2-9757-68164106EBD2}.Release|Any CPU.ActiveCfg = Release|Any CPU
		{BDA22FBE-5136-45F2-9757-68164106EBD2}.Release|Any CPU.Build.0 = Release|Any CPU
	EndGlobalSection
EndGlobal
